// !$*UTF8*$!
{
	archiveVersion = 1;
	classes = {
	};
	objectVersion = 46;
	objects = {

/* Begin PBXBuildFile section */
		C70F88501B51E340007BE197 /* combinationToRank_bytes.json in Resources */ = {isa = PBXBuildFile; fileRef = C70F884C1B51E340007BE197 /* combinationToRank_bytes.json */; };
		C70F88511B51E340007BE197 /* flushes_bytes.json in Resources */ = {isa = PBXBuildFile; fileRef = C70F884D1B51E340007BE197 /* flushes_bytes.json */; };
		C70F88521B51E340007BE197 /* primeProductToCombination_bytes.json in Resources */ = {isa = PBXBuildFile; fileRef = C70F884E1B51E340007BE197 /* primeProductToCombination_bytes.json */; };
		C70F88531B51E340007BE197 /* uniqueToRanks_bytes.json in Resources */ = {isa = PBXBuildFile; fileRef = C70F884F1B51E340007BE197 /* uniqueToRanks_bytes.json */; };
		C7AF1AD01B42A468001E4763 /* jack_of_spades_w.png in Resources */ = {isa = PBXBuildFile; fileRef = C7AF1A661B42A468001E4763 /* jack_of_spades_w.png */; };
		C7AF1AD11B42A468001E4763 /* king_of_clubs_w.png in Resources */ = {isa = PBXBuildFile; fileRef = C7AF1A671B42A468001E4763 /* king_of_clubs_w.png */; };
		C7AF1AD21B42A468001E4763 /* king_of_diamonds_w.png in Resources */ = {isa = PBXBuildFile; fileRef = C7AF1A681B42A468001E4763 /* king_of_diamonds_w.png */; };
		C7AF1AD31B42A468001E4763 /* king_of_hearts_w.png in Resources */ = {isa = PBXBuildFile; fileRef = C7AF1A691B42A468001E4763 /* king_of_hearts_w.png */; };
		C7AF1AD41B42A468001E4763 /* king_of_spades_w.png in Resources */ = {isa = PBXBuildFile; fileRef = C7AF1A6A1B42A468001E4763 /* king_of_spades_w.png */; };
		C7AF1AD51B42A468001E4763 /* queen_of_clubs_w.png in Resources */ = {isa = PBXBuildFile; fileRef = C7AF1A6B1B42A468001E4763 /* queen_of_clubs_w.png */; };
		C7AF1AD61B42A468001E4763 /* queen_of_diamonds_w.png in Resources */ = {isa = PBXBuildFile; fileRef = C7AF1A6C1B42A468001E4763 /* queen_of_diamonds_w.png */; };
		C7AF1AD71B42A468001E4763 /* queen_of_hearts_w.png in Resources */ = {isa = PBXBuildFile; fileRef = C7AF1A6D1B42A468001E4763 /* queen_of_hearts_w.png */; };
		C7AF1AD81B42A468001E4763 /* queen_of_spades_w.png in Resources */ = {isa = PBXBuildFile; fileRef = C7AF1A6E1B42A468001E4763 /* queen_of_spades_w.png */; };
		C7AF1AD91B42A468001E4763 /* 2_of_clubs_w.png in Resources */ = {isa = PBXBuildFile; fileRef = C7AF1A6F1B42A468001E4763 /* 2_of_clubs_w.png */; };
		C7AF1ADA1B42A468001E4763 /* 2_of_diamonds_w.png in Resources */ = {isa = PBXBuildFile; fileRef = C7AF1A701B42A468001E4763 /* 2_of_diamonds_w.png */; };
		C7AF1ADB1B42A468001E4763 /* 2_of_hearts_w.png in Resources */ = {isa = PBXBuildFile; fileRef = C7AF1A711B42A468001E4763 /* 2_of_hearts_w.png */; };
		C7AF1ADC1B42A468001E4763 /* 2_of_spades_w.png in Resources */ = {isa = PBXBuildFile; fileRef = C7AF1A721B42A468001E4763 /* 2_of_spades_w.png */; };
		C7AF1ADD1B42A468001E4763 /* 3_of_clubs_w.png in Resources */ = {isa = PBXBuildFile; fileRef = C7AF1A731B42A468001E4763 /* 3_of_clubs_w.png */; };
		C7AF1ADE1B42A468001E4763 /* 3_of_diamonds_w.png in Resources */ = {isa = PBXBuildFile; fileRef = C7AF1A741B42A468001E4763 /* 3_of_diamonds_w.png */; };
		C7AF1ADF1B42A468001E4763 /* 3_of_hearts_w.png in Resources */ = {isa = PBXBuildFile; fileRef = C7AF1A751B42A468001E4763 /* 3_of_hearts_w.png */; };
		C7AF1AE01B42A468001E4763 /* 3_of_spades_w.png in Resources */ = {isa = PBXBuildFile; fileRef = C7AF1A761B42A468001E4763 /* 3_of_spades_w.png */; };
		C7AF1AE11B42A468001E4763 /* 4_of_clubs_w.png in Resources */ = {isa = PBXBuildFile; fileRef = C7AF1A771B42A468001E4763 /* 4_of_clubs_w.png */; };
		C7AF1AE21B42A468001E4763 /* 4_of_diamonds_w.png in Resources */ = {isa = PBXBuildFile; fileRef = C7AF1A781B42A468001E4763 /* 4_of_diamonds_w.png */; };
		C7AF1AE31B42A468001E4763 /* 4_of_hearts_w.png in Resources */ = {isa = PBXBuildFile; fileRef = C7AF1A791B42A468001E4763 /* 4_of_hearts_w.png */; };
		C7AF1AE41B42A468001E4763 /* 4_of_spades_w.png in Resources */ = {isa = PBXBuildFile; fileRef = C7AF1A7A1B42A468001E4763 /* 4_of_spades_w.png */; };
		C7AF1AE51B42A468001E4763 /* 5_of_clubs_w.png in Resources */ = {isa = PBXBuildFile; fileRef = C7AF1A7B1B42A468001E4763 /* 5_of_clubs_w.png */; };
		C7AF1AE61B42A468001E4763 /* 5_of_diamonds_w.png in Resources */ = {isa = PBXBuildFile; fileRef = C7AF1A7C1B42A468001E4763 /* 5_of_diamonds_w.png */; };
		C7AF1AE71B42A468001E4763 /* 5_of_hearts_w.png in Resources */ = {isa = PBXBuildFile; fileRef = C7AF1A7D1B42A468001E4763 /* 5_of_hearts_w.png */; };
		C7AF1AE81B42A468001E4763 /* 5_of_spades_w.png in Resources */ = {isa = PBXBuildFile; fileRef = C7AF1A7E1B42A468001E4763 /* 5_of_spades_w.png */; };
		C7AF1AE91B42A468001E4763 /* 6_of_clubs_w.png in Resources */ = {isa = PBXBuildFile; fileRef = C7AF1A7F1B42A468001E4763 /* 6_of_clubs_w.png */; };
		C7AF1AEA1B42A468001E4763 /* 6_of_diamonds_w.png in Resources */ = {isa = PBXBuildFile; fileRef = C7AF1A801B42A468001E4763 /* 6_of_diamonds_w.png */; };
		C7AF1AEB1B42A468001E4763 /* 6_of_hearts_w.png in Resources */ = {isa = PBXBuildFile; fileRef = C7AF1A811B42A468001E4763 /* 6_of_hearts_w.png */; };
		C7AF1AEC1B42A468001E4763 /* 6_of_spades_w.png in Resources */ = {isa = PBXBuildFile; fileRef = C7AF1A821B42A468001E4763 /* 6_of_spades_w.png */; };
		C7AF1AED1B42A468001E4763 /* 7_of_clubs_w.png in Resources */ = {isa = PBXBuildFile; fileRef = C7AF1A831B42A468001E4763 /* 7_of_clubs_w.png */; };
		C7AF1AEE1B42A468001E4763 /* 7_of_diamonds_w.png in Resources */ = {isa = PBXBuildFile; fileRef = C7AF1A841B42A468001E4763 /* 7_of_diamonds_w.png */; };
		C7AF1AEF1B42A468001E4763 /* 7_of_hearts_w.png in Resources */ = {isa = PBXBuildFile; fileRef = C7AF1A851B42A468001E4763 /* 7_of_hearts_w.png */; };
		C7AF1AF01B42A468001E4763 /* 7_of_spades_w.png in Resources */ = {isa = PBXBuildFile; fileRef = C7AF1A861B42A468001E4763 /* 7_of_spades_w.png */; };
		C7AF1AF11B42A468001E4763 /* 8_of_clubs_w.png in Resources */ = {isa = PBXBuildFile; fileRef = C7AF1A871B42A468001E4763 /* 8_of_clubs_w.png */; };
		C7AF1AF21B42A468001E4763 /* 8_of_diamonds_w.png in Resources */ = {isa = PBXBuildFile; fileRef = C7AF1A881B42A468001E4763 /* 8_of_diamonds_w.png */; };
		C7AF1AF31B42A468001E4763 /* 8_of_hearts_w.png in Resources */ = {isa = PBXBuildFile; fileRef = C7AF1A891B42A468001E4763 /* 8_of_hearts_w.png */; };
		C7AF1AF41B42A468001E4763 /* 8_of_spades_w.png in Resources */ = {isa = PBXBuildFile; fileRef = C7AF1A8A1B42A468001E4763 /* 8_of_spades_w.png */; };
		C7AF1AF51B42A468001E4763 /* 9_of_clubs_w.png in Resources */ = {isa = PBXBuildFile; fileRef = C7AF1A8B1B42A468001E4763 /* 9_of_clubs_w.png */; };
		C7AF1AF61B42A468001E4763 /* 9_of_diamonds_w.png in Resources */ = {isa = PBXBuildFile; fileRef = C7AF1A8C1B42A468001E4763 /* 9_of_diamonds_w.png */; };
		C7AF1AF71B42A468001E4763 /* 9_of_hearts_w.png in Resources */ = {isa = PBXBuildFile; fileRef = C7AF1A8D1B42A468001E4763 /* 9_of_hearts_w.png */; };
		C7AF1AF81B42A468001E4763 /* 9_of_spades_w.png in Resources */ = {isa = PBXBuildFile; fileRef = C7AF1A8E1B42A468001E4763 /* 9_of_spades_w.png */; };
		C7AF1AF91B42A468001E4763 /* 10_of_hearts_w.png in Resources */ = {isa = PBXBuildFile; fileRef = C7AF1A8F1B42A468001E4763 /* 10_of_hearts_w.png */; };
		C7AF1AFA1B42A468001E4763 /* 10_of_spades_w.png in Resources */ = {isa = PBXBuildFile; fileRef = C7AF1A901B42A468001E4763 /* 10_of_spades_w.png */; };
		C7AF1AFB1B42A468001E4763 /* ace_of_clubs_w.png in Resources */ = {isa = PBXBuildFile; fileRef = C7AF1A911B42A468001E4763 /* ace_of_clubs_w.png */; };
		C7AF1AFC1B42A468001E4763 /* ace_of_diamonds_w.png in Resources */ = {isa = PBXBuildFile; fileRef = C7AF1A921B42A468001E4763 /* ace_of_diamonds_w.png */; };
		C7AF1AFD1B42A468001E4763 /* ace_of_hearts_w.png in Resources */ = {isa = PBXBuildFile; fileRef = C7AF1A931B42A468001E4763 /* ace_of_hearts_w.png */; };
		C7AF1AFE1B42A468001E4763 /* ace_of_spades_w.png in Resources */ = {isa = PBXBuildFile; fileRef = C7AF1A941B42A468001E4763 /* ace_of_spades_w.png */; };
		C7AF1AFF1B42A468001E4763 /* back_w.png in Resources */ = {isa = PBXBuildFile; fileRef = C7AF1A951B42A468001E4763 /* back_w.png */; };
		C7AF1B001B42A468001E4763 /* jack_of_clubs_w.png in Resources */ = {isa = PBXBuildFile; fileRef = C7AF1A961B42A468001E4763 /* jack_of_clubs_w.png */; };
		C7AF1B011B42A468001E4763 /* jack_of_diamonds_w.png in Resources */ = {isa = PBXBuildFile; fileRef = C7AF1A971B42A468001E4763 /* jack_of_diamonds_w.png */; };
		C7AF1B021B42A468001E4763 /* jack_of_hearts_w.png in Resources */ = {isa = PBXBuildFile; fileRef = C7AF1A981B42A468001E4763 /* jack_of_hearts_w.png */; };
		C7AF1B031B42A468001E4763 /* 10_of_clubs_w.png in Resources */ = {isa = PBXBuildFile; fileRef = C7AF1A991B42A468001E4763 /* 10_of_clubs_w.png */; };
		C7AF1B041B42A468001E4763 /* 10_of_diamonds_w.png in Resources */ = {isa = PBXBuildFile; fileRef = C7AF1A9A1B42A468001E4763 /* 10_of_diamonds_w.png */; };
		C7AF1B051B42A468001E4763 /* 2_of_clubs.png in Resources */ = {isa = PBXBuildFile; fileRef = C7AF1A9B1B42A468001E4763 /* 2_of_clubs.png */; };
		C7AF1B061B42A468001E4763 /* 2_of_diamonds.png in Resources */ = {isa = PBXBuildFile; fileRef = C7AF1A9C1B42A468001E4763 /* 2_of_diamonds.png */; };
		C7AF1B071B42A468001E4763 /* 2_of_hearts.png in Resources */ = {isa = PBXBuildFile; fileRef = C7AF1A9D1B42A468001E4763 /* 2_of_hearts.png */; };
		C7AF1B081B42A468001E4763 /* 2_of_spades.png in Resources */ = {isa = PBXBuildFile; fileRef = C7AF1A9E1B42A468001E4763 /* 2_of_spades.png */; };
		C7AF1B091B42A468001E4763 /* 3_of_clubs.png in Resources */ = {isa = PBXBuildFile; fileRef = C7AF1A9F1B42A468001E4763 /* 3_of_clubs.png */; };
		C7AF1B0A1B42A468001E4763 /* 3_of_diamonds.png in Resources */ = {isa = PBXBuildFile; fileRef = C7AF1AA01B42A468001E4763 /* 3_of_diamonds.png */; };
		C7AF1B0B1B42A468001E4763 /* 3_of_hearts.png in Resources */ = {isa = PBXBuildFile; fileRef = C7AF1AA11B42A468001E4763 /* 3_of_hearts.png */; };
		C7AF1B0C1B42A468001E4763 /* 3_of_spades.png in Resources */ = {isa = PBXBuildFile; fileRef = C7AF1AA21B42A468001E4763 /* 3_of_spades.png */; };
		C7AF1B0D1B42A468001E4763 /* 4_of_clubs.png in Resources */ = {isa = PBXBuildFile; fileRef = C7AF1AA31B42A468001E4763 /* 4_of_clubs.png */; };
		C7AF1B0E1B42A468001E4763 /* 4_of_diamonds.png in Resources */ = {isa = PBXBuildFile; fileRef = C7AF1AA41B42A468001E4763 /* 4_of_diamonds.png */; };
		C7AF1B0F1B42A468001E4763 /* 4_of_hearts.png in Resources */ = {isa = PBXBuildFile; fileRef = C7AF1AA51B42A468001E4763 /* 4_of_hearts.png */; };
		C7AF1B101B42A468001E4763 /* 4_of_spades.png in Resources */ = {isa = PBXBuildFile; fileRef = C7AF1AA61B42A468001E4763 /* 4_of_spades.png */; };
		C7AF1B111B42A468001E4763 /* 5_of_clubs.png in Resources */ = {isa = PBXBuildFile; fileRef = C7AF1AA71B42A468001E4763 /* 5_of_clubs.png */; };
		C7AF1B121B42A468001E4763 /* 5_of_diamonds.png in Resources */ = {isa = PBXBuildFile; fileRef = C7AF1AA81B42A468001E4763 /* 5_of_diamonds.png */; };
		C7AF1B131B42A468001E4763 /* 5_of_hearts.png in Resources */ = {isa = PBXBuildFile; fileRef = C7AF1AA91B42A468001E4763 /* 5_of_hearts.png */; };
		C7AF1B141B42A468001E4763 /* 5_of_spades.png in Resources */ = {isa = PBXBuildFile; fileRef = C7AF1AAA1B42A468001E4763 /* 5_of_spades.png */; };
		C7AF1B151B42A468001E4763 /* 6_of_clubs.png in Resources */ = {isa = PBXBuildFile; fileRef = C7AF1AAB1B42A468001E4763 /* 6_of_clubs.png */; };
		C7AF1B161B42A468001E4763 /* 6_of_diamonds.png in Resources */ = {isa = PBXBuildFile; fileRef = C7AF1AAC1B42A468001E4763 /* 6_of_diamonds.png */; };
		C7AF1B171B42A468001E4763 /* 6_of_hearts.png in Resources */ = {isa = PBXBuildFile; fileRef = C7AF1AAD1B42A468001E4763 /* 6_of_hearts.png */; };
		C7AF1B181B42A468001E4763 /* 6_of_spades.png in Resources */ = {isa = PBXBuildFile; fileRef = C7AF1AAE1B42A468001E4763 /* 6_of_spades.png */; };
		C7AF1B191B42A468001E4763 /* 7_of_clubs.png in Resources */ = {isa = PBXBuildFile; fileRef = C7AF1AAF1B42A468001E4763 /* 7_of_clubs.png */; };
		C7AF1B1A1B42A468001E4763 /* 7_of_diamonds.png in Resources */ = {isa = PBXBuildFile; fileRef = C7AF1AB01B42A468001E4763 /* 7_of_diamonds.png */; };
		C7AF1B1B1B42A468001E4763 /* 7_of_hearts.png in Resources */ = {isa = PBXBuildFile; fileRef = C7AF1AB11B42A468001E4763 /* 7_of_hearts.png */; };
		C7AF1B1C1B42A468001E4763 /* 7_of_spades.png in Resources */ = {isa = PBXBuildFile; fileRef = C7AF1AB21B42A468001E4763 /* 7_of_spades.png */; };
		C7AF1B1D1B42A468001E4763 /* 8_of_clubs.png in Resources */ = {isa = PBXBuildFile; fileRef = C7AF1AB31B42A468001E4763 /* 8_of_clubs.png */; };
		C7AF1B1E1B42A468001E4763 /* 8_of_diamonds.png in Resources */ = {isa = PBXBuildFile; fileRef = C7AF1AB41B42A468001E4763 /* 8_of_diamonds.png */; };
		C7AF1B1F1B42A468001E4763 /* 8_of_hearts.png in Resources */ = {isa = PBXBuildFile; fileRef = C7AF1AB51B42A468001E4763 /* 8_of_hearts.png */; };
		C7AF1B201B42A468001E4763 /* 8_of_spades.png in Resources */ = {isa = PBXBuildFile; fileRef = C7AF1AB61B42A468001E4763 /* 8_of_spades.png */; };
		C7AF1B211B42A468001E4763 /* 9_of_clubs.png in Resources */ = {isa = PBXBuildFile; fileRef = C7AF1AB71B42A468001E4763 /* 9_of_clubs.png */; };
		C7AF1B221B42A468001E4763 /* 9_of_diamonds.png in Resources */ = {isa = PBXBuildFile; fileRef = C7AF1AB81B42A468001E4763 /* 9_of_diamonds.png */; };
		C7AF1B231B42A468001E4763 /* 9_of_hearts.png in Resources */ = {isa = PBXBuildFile; fileRef = C7AF1AB91B42A468001E4763 /* 9_of_hearts.png */; };
		C7AF1B241B42A468001E4763 /* 9_of_spades.png in Resources */ = {isa = PBXBuildFile; fileRef = C7AF1ABA1B42A468001E4763 /* 9_of_spades.png */; };
		C7AF1B251B42A468001E4763 /* 10_of_clubs.png in Resources */ = {isa = PBXBuildFile; fileRef = C7AF1ABB1B42A468001E4763 /* 10_of_clubs.png */; };
		C7AF1B261B42A468001E4763 /* 10_of_diamonds.png in Resources */ = {isa = PBXBuildFile; fileRef = C7AF1ABC1B42A468001E4763 /* 10_of_diamonds.png */; };
		C7AF1B271B42A468001E4763 /* 10_of_hearts.png in Resources */ = {isa = PBXBuildFile; fileRef = C7AF1ABD1B42A468001E4763 /* 10_of_hearts.png */; };
		C7AF1B281B42A468001E4763 /* 10_of_spades.png in Resources */ = {isa = PBXBuildFile; fileRef = C7AF1ABE1B42A468001E4763 /* 10_of_spades.png */; };
		C7AF1B291B42A468001E4763 /* ace_of_clubs.png in Resources */ = {isa = PBXBuildFile; fileRef = C7AF1ABF1B42A468001E4763 /* ace_of_clubs.png */; };
		C7AF1B2A1B42A468001E4763 /* ace_of_diamonds.png in Resources */ = {isa = PBXBuildFile; fileRef = C7AF1AC01B42A468001E4763 /* ace_of_diamonds.png */; };
		C7AF1B2B1B42A468001E4763 /* ace_of_hearts.png in Resources */ = {isa = PBXBuildFile; fileRef = C7AF1AC11B42A468001E4763 /* ace_of_hearts.png */; };
		C7AF1B2C1B42A468001E4763 /* ace_of_spades.png in Resources */ = {isa = PBXBuildFile; fileRef = C7AF1AC21B42A468001E4763 /* ace_of_spades.png */; };
		C7AF1B2D1B42A468001E4763 /* back.png in Resources */ = {isa = PBXBuildFile; fileRef = C7AF1AC31B42A468001E4763 /* back.png */; };
		C7AF1B2E1B42A468001E4763 /* jack_of_clubs.png in Resources */ = {isa = PBXBuildFile; fileRef = C7AF1AC41B42A468001E4763 /* jack_of_clubs.png */; };
		C7AF1B2F1B42A468001E4763 /* jack_of_diamonds.png in Resources */ = {isa = PBXBuildFile; fileRef = C7AF1AC51B42A468001E4763 /* jack_of_diamonds.png */; };
		C7AF1B301B42A468001E4763 /* jack_of_hearts.png in Resources */ = {isa = PBXBuildFile; fileRef = C7AF1AC61B42A468001E4763 /* jack_of_hearts.png */; };
		C7AF1B311B42A468001E4763 /* jack_of_spades.png in Resources */ = {isa = PBXBuildFile; fileRef = C7AF1AC71B42A468001E4763 /* jack_of_spades.png */; };
		C7AF1B321B42A468001E4763 /* king_of_clubs.png in Resources */ = {isa = PBXBuildFile; fileRef = C7AF1AC81B42A468001E4763 /* king_of_clubs.png */; };
		C7AF1B331B42A468001E4763 /* king_of_diamonds.png in Resources */ = {isa = PBXBuildFile; fileRef = C7AF1AC91B42A468001E4763 /* king_of_diamonds.png */; };
		C7AF1B341B42A468001E4763 /* king_of_hearts.png in Resources */ = {isa = PBXBuildFile; fileRef = C7AF1ACA1B42A468001E4763 /* king_of_hearts.png */; };
		C7AF1B351B42A468001E4763 /* king_of_spades.png in Resources */ = {isa = PBXBuildFile; fileRef = C7AF1ACB1B42A468001E4763 /* king_of_spades.png */; };
		C7AF1B361B42A468001E4763 /* queen_of_clubs.png in Resources */ = {isa = PBXBuildFile; fileRef = C7AF1ACC1B42A468001E4763 /* queen_of_clubs.png */; };
		C7AF1B371B42A468001E4763 /* queen_of_diamonds.png in Resources */ = {isa = PBXBuildFile; fileRef = C7AF1ACD1B42A468001E4763 /* queen_of_diamonds.png */; };
		C7AF1B381B42A468001E4763 /* queen_of_hearts.png in Resources */ = {isa = PBXBuildFile; fileRef = C7AF1ACE1B42A468001E4763 /* queen_of_hearts.png */; };
		C7AF1B391B42A468001E4763 /* queen_of_spades.png in Resources */ = {isa = PBXBuildFile; fileRef = C7AF1ACF1B42A468001E4763 /* queen_of_spades.png */; };
		C7BACD231B3EE4F700B9BF06 /* AppDelegate.swift in Sources */ = {isa = PBXBuildFile; fileRef = C7BACD221B3EE4F700B9BF06 /* AppDelegate.swift */; };
		C7BACD251B3EE4F700B9BF06 /* Images.xcassets in Resources */ = {isa = PBXBuildFile; fileRef = C7BACD241B3EE4F700B9BF06 /* Images.xcassets */; };
		C7BACD281B3EE4F700B9BF06 /* MainMenu.xib in Resources */ = {isa = PBXBuildFile; fileRef = C7BACD261B3EE4F700B9BF06 /* MainMenu.xib */; };
		C7BACD341B3EE4F700B9BF06 /* SwiftyPokerHandsTests.swift in Sources */ = {isa = PBXBuildFile; fileRef = C7BACD331B3EE4F700B9BF06 /* SwiftyPokerHandsTests.swift */; };
		C7BACD3F1B3EE50C00B9BF06 /* SPHEvaluator.swift in Sources */ = {isa = PBXBuildFile; fileRef = C7BACD3D1B3EE50C00B9BF06 /* SPHEvaluator.swift */; };
		C7BACD401B3EE50C00B9BF06 /* SPHByteRanks.swift in Sources */ = {isa = PBXBuildFile; fileRef = C7BACD3E1B3EE50C00B9BF06 /* SPHByteRanks.swift */; };
		C7BACD421B3EE66400B9BF06 /* SPHExtensions.swift in Sources */ = {isa = PBXBuildFile; fileRef = C7BACD411B3EE66400B9BF06 /* SPHExtensions.swift */; };
		C7BACD441B3EE69300B9BF06 /* SPHModelCard.swift in Sources */ = {isa = PBXBuildFile; fileRef = C7BACD431B3EE69300B9BF06 /* SPHModelCard.swift */; };
		C7BACD461B3EE6C400B9BF06 /* SPHModelDeck.swift in Sources */ = {isa = PBXBuildFile; fileRef = C7BACD451B3EE6C400B9BF06 /* SPHModelDeck.swift */; };
		C7BACD481B3EE6DA00B9BF06 /* SPHModelPlayer.swift in Sources */ = {isa = PBXBuildFile; fileRef = C7BACD471B3EE6DA00B9BF06 /* SPHModelPlayer.swift */; };
		C7BACD4A1B3EE6F200B9BF06 /* SPHModelTable.swift in Sources */ = {isa = PBXBuildFile; fileRef = C7BACD491B3EE6F200B9BF06 /* SPHModelTable.swift */; };
		C7BACD4C1B3EE70800B9BF06 /* SPHModelDealer.swift in Sources */ = {isa = PBXBuildFile; fileRef = C7BACD4B1B3EE70800B9BF06 /* SPHModelDealer.swift */; };
		C7BACD4E1B3F45CE00B9BF06 /* DemoAppController.swift in Sources */ = {isa = PBXBuildFile; fileRef = C7BACD4D1B3F45CE00B9BF06 /* DemoAppController.swift */; };
		C7BACD521B3F473200B9BF06 /* DemoHandTableCellView.swift in Sources */ = {isa = PBXBuildFile; fileRef = C7BACD511B3F473200B9BF06 /* DemoHandTableCellView.swift */; };
		C7BD47541B51965D001B2144 /* DemoSettings.swift in Sources */ = {isa = PBXBuildFile; fileRef = C7BD47531B51965D001B2144 /* DemoSettings.swift */; };
		C7BD47561B51D26D001B2144 /* SPHModelCard.swift in Sources */ = {isa = PBXBuildFile; fileRef = C7BACD431B3EE69300B9BF06 /* SPHModelCard.swift */; };
		C7BD47571B51D270001B2144 /* SPHModelDeck.swift in Sources */ = {isa = PBXBuildFile; fileRef = C7BACD451B3EE6C400B9BF06 /* SPHModelDeck.swift */; };
		C7BD47581B51D273001B2144 /* SPHExtensions.swift in Sources */ = {isa = PBXBuildFile; fileRef = C7BACD411B3EE66400B9BF06 /* SPHExtensions.swift */; };
		C7BD47591B51D276001B2144 /* SPHModelPlayer.swift in Sources */ = {isa = PBXBuildFile; fileRef = C7BACD471B3EE6DA00B9BF06 /* SPHModelPlayer.swift */; };
		C7BD475A1B51D279001B2144 /* SPHModelTable.swift in Sources */ = {isa = PBXBuildFile; fileRef = C7BACD491B3EE6F200B9BF06 /* SPHModelTable.swift */; };
		C7BD475B1B51D27C001B2144 /* SPHModelDealer.swift in Sources */ = {isa = PBXBuildFile; fileRef = C7BACD4B1B3EE70800B9BF06 /* SPHModelDealer.swift */; };
		C7BD475C1B51D281001B2144 /* SPHEvaluator.swift in Sources */ = {isa = PBXBuildFile; fileRef = C7BACD3D1B3EE50C00B9BF06 /* SPHEvaluator.swift */; };
		C7BD475D1B51D284001B2144 /* SPHByteRanks.swift in Sources */ = {isa = PBXBuildFile; fileRef = C7BACD3E1B3EE50C00B9BF06 /* SPHByteRanks.swift */; };
		C7D823411B51461F00041742 /* DemoPlayersCardsPanel.swift in Sources */ = {isa = PBXBuildFile; fileRef = C7D823401B51461F00041742 /* DemoPlayersCardsPanel.swift */; };
/* End PBXBuildFile section */

/* Begin PBXContainerItemProxy section */
		C7BACD2E1B3EE4F700B9BF06 /* PBXContainerItemProxy */ = {
			isa = PBXContainerItemProxy;
			containerPortal = C7BACD151B3EE4F700B9BF06 /* Project object */;
			proxyType = 1;
			remoteGlobalIDString = C7BACD1C1B3EE4F700B9BF06;
			remoteInfo = SwiftyPokerHands;
		};
/* End PBXContainerItemProxy section */

/* Begin PBXFileReference section */
		C70F884C1B51E340007BE197 /* combinationToRank_bytes.json */ = {isa = PBXFileReference; fileEncoding = 4; lastKnownFileType = text.json; path = combinationToRank_bytes.json; sourceTree = "<group>"; };
		C70F884D1B51E340007BE197 /* flushes_bytes.json */ = {isa = PBXFileReference; fileEncoding = 4; lastKnownFileType = text.json; path = flushes_bytes.json; sourceTree = "<group>"; };
		C70F884E1B51E340007BE197 /* primeProductToCombination_bytes.json */ = {isa = PBXFileReference; fileEncoding = 4; lastKnownFileType = text.json; path = primeProductToCombination_bytes.json; sourceTree = "<group>"; };
		C70F884F1B51E340007BE197 /* uniqueToRanks_bytes.json */ = {isa = PBXFileReference; fileEncoding = 4; lastKnownFileType = text.json; path = uniqueToRanks_bytes.json; sourceTree = "<group>"; };
		C7AF1A661B42A468001E4763 /* jack_of_spades_w.png */ = {isa = PBXFileReference; lastKnownFileType = image.png; path = jack_of_spades_w.png; sourceTree = "<group>"; };
		C7AF1A671B42A468001E4763 /* king_of_clubs_w.png */ = {isa = PBXFileReference; lastKnownFileType = image.png; path = king_of_clubs_w.png; sourceTree = "<group>"; };
		C7AF1A681B42A468001E4763 /* king_of_diamonds_w.png */ = {isa = PBXFileReference; lastKnownFileType = image.png; path = king_of_diamonds_w.png; sourceTree = "<group>"; };
		C7AF1A691B42A468001E4763 /* king_of_hearts_w.png */ = {isa = PBXFileReference; lastKnownFileType = image.png; path = king_of_hearts_w.png; sourceTree = "<group>"; };
		C7AF1A6A1B42A468001E4763 /* king_of_spades_w.png */ = {isa = PBXFileReference; lastKnownFileType = image.png; path = king_of_spades_w.png; sourceTree = "<group>"; };
		C7AF1A6B1B42A468001E4763 /* queen_of_clubs_w.png */ = {isa = PBXFileReference; lastKnownFileType = image.png; path = queen_of_clubs_w.png; sourceTree = "<group>"; };
		C7AF1A6C1B42A468001E4763 /* queen_of_diamonds_w.png */ = {isa = PBXFileReference; lastKnownFileType = image.png; path = queen_of_diamonds_w.png; sourceTree = "<group>"; };
		C7AF1A6D1B42A468001E4763 /* queen_of_hearts_w.png */ = {isa = PBXFileReference; lastKnownFileType = image.png; path = queen_of_hearts_w.png; sourceTree = "<group>"; };
		C7AF1A6E1B42A468001E4763 /* queen_of_spades_w.png */ = {isa = PBXFileReference; lastKnownFileType = image.png; path = queen_of_spades_w.png; sourceTree = "<group>"; };
		C7AF1A6F1B42A468001E4763 /* 2_of_clubs_w.png */ = {isa = PBXFileReference; lastKnownFileType = image.png; path = 2_of_clubs_w.png; sourceTree = "<group>"; };
		C7AF1A701B42A468001E4763 /* 2_of_diamonds_w.png */ = {isa = PBXFileReference; lastKnownFileType = image.png; path = 2_of_diamonds_w.png; sourceTree = "<group>"; };
		C7AF1A711B42A468001E4763 /* 2_of_hearts_w.png */ = {isa = PBXFileReference; lastKnownFileType = image.png; path = 2_of_hearts_w.png; sourceTree = "<group>"; };
		C7AF1A721B42A468001E4763 /* 2_of_spades_w.png */ = {isa = PBXFileReference; lastKnownFileType = image.png; path = 2_of_spades_w.png; sourceTree = "<group>"; };
		C7AF1A731B42A468001E4763 /* 3_of_clubs_w.png */ = {isa = PBXFileReference; lastKnownFileType = image.png; path = 3_of_clubs_w.png; sourceTree = "<group>"; };
		C7AF1A741B42A468001E4763 /* 3_of_diamonds_w.png */ = {isa = PBXFileReference; lastKnownFileType = image.png; path = 3_of_diamonds_w.png; sourceTree = "<group>"; };
		C7AF1A751B42A468001E4763 /* 3_of_hearts_w.png */ = {isa = PBXFileReference; lastKnownFileType = image.png; path = 3_of_hearts_w.png; sourceTree = "<group>"; };
		C7AF1A761B42A468001E4763 /* 3_of_spades_w.png */ = {isa = PBXFileReference; lastKnownFileType = image.png; path = 3_of_spades_w.png; sourceTree = "<group>"; };
		C7AF1A771B42A468001E4763 /* 4_of_clubs_w.png */ = {isa = PBXFileReference; lastKnownFileType = image.png; path = 4_of_clubs_w.png; sourceTree = "<group>"; };
		C7AF1A781B42A468001E4763 /* 4_of_diamonds_w.png */ = {isa = PBXFileReference; lastKnownFileType = image.png; path = 4_of_diamonds_w.png; sourceTree = "<group>"; };
		C7AF1A791B42A468001E4763 /* 4_of_hearts_w.png */ = {isa = PBXFileReference; lastKnownFileType = image.png; path = 4_of_hearts_w.png; sourceTree = "<group>"; };
		C7AF1A7A1B42A468001E4763 /* 4_of_spades_w.png */ = {isa = PBXFileReference; lastKnownFileType = image.png; path = 4_of_spades_w.png; sourceTree = "<group>"; };
		C7AF1A7B1B42A468001E4763 /* 5_of_clubs_w.png */ = {isa = PBXFileReference; lastKnownFileType = image.png; path = 5_of_clubs_w.png; sourceTree = "<group>"; };
		C7AF1A7C1B42A468001E4763 /* 5_of_diamonds_w.png */ = {isa = PBXFileReference; lastKnownFileType = image.png; path = 5_of_diamonds_w.png; sourceTree = "<group>"; };
		C7AF1A7D1B42A468001E4763 /* 5_of_hearts_w.png */ = {isa = PBXFileReference; lastKnownFileType = image.png; path = 5_of_hearts_w.png; sourceTree = "<group>"; };
		C7AF1A7E1B42A468001E4763 /* 5_of_spades_w.png */ = {isa = PBXFileReference; lastKnownFileType = image.png; path = 5_of_spades_w.png; sourceTree = "<group>"; };
		C7AF1A7F1B42A468001E4763 /* 6_of_clubs_w.png */ = {isa = PBXFileReference; lastKnownFileType = image.png; path = 6_of_clubs_w.png; sourceTree = "<group>"; };
		C7AF1A801B42A468001E4763 /* 6_of_diamonds_w.png */ = {isa = PBXFileReference; lastKnownFileType = image.png; path = 6_of_diamonds_w.png; sourceTree = "<group>"; };
		C7AF1A811B42A468001E4763 /* 6_of_hearts_w.png */ = {isa = PBXFileReference; lastKnownFileType = image.png; path = 6_of_hearts_w.png; sourceTree = "<group>"; };
		C7AF1A821B42A468001E4763 /* 6_of_spades_w.png */ = {isa = PBXFileReference; lastKnownFileType = image.png; path = 6_of_spades_w.png; sourceTree = "<group>"; };
		C7AF1A831B42A468001E4763 /* 7_of_clubs_w.png */ = {isa = PBXFileReference; lastKnownFileType = image.png; path = 7_of_clubs_w.png; sourceTree = "<group>"; };
		C7AF1A841B42A468001E4763 /* 7_of_diamonds_w.png */ = {isa = PBXFileReference; lastKnownFileType = image.png; path = 7_of_diamonds_w.png; sourceTree = "<group>"; };
		C7AF1A851B42A468001E4763 /* 7_of_hearts_w.png */ = {isa = PBXFileReference; lastKnownFileType = image.png; path = 7_of_hearts_w.png; sourceTree = "<group>"; };
		C7AF1A861B42A468001E4763 /* 7_of_spades_w.png */ = {isa = PBXFileReference; lastKnownFileType = image.png; path = 7_of_spades_w.png; sourceTree = "<group>"; };
		C7AF1A871B42A468001E4763 /* 8_of_clubs_w.png */ = {isa = PBXFileReference; lastKnownFileType = image.png; path = 8_of_clubs_w.png; sourceTree = "<group>"; };
		C7AF1A881B42A468001E4763 /* 8_of_diamonds_w.png */ = {isa = PBXFileReference; lastKnownFileType = image.png; path = 8_of_diamonds_w.png; sourceTree = "<group>"; };
		C7AF1A891B42A468001E4763 /* 8_of_hearts_w.png */ = {isa = PBXFileReference; lastKnownFileType = image.png; path = 8_of_hearts_w.png; sourceTree = "<group>"; };
		C7AF1A8A1B42A468001E4763 /* 8_of_spades_w.png */ = {isa = PBXFileReference; lastKnownFileType = image.png; path = 8_of_spades_w.png; sourceTree = "<group>"; };
		C7AF1A8B1B42A468001E4763 /* 9_of_clubs_w.png */ = {isa = PBXFileReference; lastKnownFileType = image.png; path = 9_of_clubs_w.png; sourceTree = "<group>"; };
		C7AF1A8C1B42A468001E4763 /* 9_of_diamonds_w.png */ = {isa = PBXFileReference; lastKnownFileType = image.png; path = 9_of_diamonds_w.png; sourceTree = "<group>"; };
		C7AF1A8D1B42A468001E4763 /* 9_of_hearts_w.png */ = {isa = PBXFileReference; lastKnownFileType = image.png; path = 9_of_hearts_w.png; sourceTree = "<group>"; };
		C7AF1A8E1B42A468001E4763 /* 9_of_spades_w.png */ = {isa = PBXFileReference; lastKnownFileType = image.png; path = 9_of_spades_w.png; sourceTree = "<group>"; };
		C7AF1A8F1B42A468001E4763 /* 10_of_hearts_w.png */ = {isa = PBXFileReference; lastKnownFileType = image.png; path = 10_of_hearts_w.png; sourceTree = "<group>"; };
		C7AF1A901B42A468001E4763 /* 10_of_spades_w.png */ = {isa = PBXFileReference; lastKnownFileType = image.png; path = 10_of_spades_w.png; sourceTree = "<group>"; };
		C7AF1A911B42A468001E4763 /* ace_of_clubs_w.png */ = {isa = PBXFileReference; lastKnownFileType = image.png; path = ace_of_clubs_w.png; sourceTree = "<group>"; };
		C7AF1A921B42A468001E4763 /* ace_of_diamonds_w.png */ = {isa = PBXFileReference; lastKnownFileType = image.png; path = ace_of_diamonds_w.png; sourceTree = "<group>"; };
		C7AF1A931B42A468001E4763 /* ace_of_hearts_w.png */ = {isa = PBXFileReference; lastKnownFileType = image.png; path = ace_of_hearts_w.png; sourceTree = "<group>"; };
		C7AF1A941B42A468001E4763 /* ace_of_spades_w.png */ = {isa = PBXFileReference; lastKnownFileType = image.png; path = ace_of_spades_w.png; sourceTree = "<group>"; };
		C7AF1A951B42A468001E4763 /* back_w.png */ = {isa = PBXFileReference; lastKnownFileType = image.png; path = back_w.png; sourceTree = "<group>"; };
		C7AF1A961B42A468001E4763 /* jack_of_clubs_w.png */ = {isa = PBXFileReference; lastKnownFileType = image.png; path = jack_of_clubs_w.png; sourceTree = "<group>"; };
		C7AF1A971B42A468001E4763 /* jack_of_diamonds_w.png */ = {isa = PBXFileReference; lastKnownFileType = image.png; path = jack_of_diamonds_w.png; sourceTree = "<group>"; };
		C7AF1A981B42A468001E4763 /* jack_of_hearts_w.png */ = {isa = PBXFileReference; lastKnownFileType = image.png; path = jack_of_hearts_w.png; sourceTree = "<group>"; };
		C7AF1A991B42A468001E4763 /* 10_of_clubs_w.png */ = {isa = PBXFileReference; lastKnownFileType = image.png; path = 10_of_clubs_w.png; sourceTree = "<group>"; };
		C7AF1A9A1B42A468001E4763 /* 10_of_diamonds_w.png */ = {isa = PBXFileReference; lastKnownFileType = image.png; path = 10_of_diamonds_w.png; sourceTree = "<group>"; };
		C7AF1A9B1B42A468001E4763 /* 2_of_clubs.png */ = {isa = PBXFileReference; lastKnownFileType = image.png; path = 2_of_clubs.png; sourceTree = "<group>"; };
		C7AF1A9C1B42A468001E4763 /* 2_of_diamonds.png */ = {isa = PBXFileReference; lastKnownFileType = image.png; path = 2_of_diamonds.png; sourceTree = "<group>"; };
		C7AF1A9D1B42A468001E4763 /* 2_of_hearts.png */ = {isa = PBXFileReference; lastKnownFileType = image.png; path = 2_of_hearts.png; sourceTree = "<group>"; };
		C7AF1A9E1B42A468001E4763 /* 2_of_spades.png */ = {isa = PBXFileReference; lastKnownFileType = image.png; path = 2_of_spades.png; sourceTree = "<group>"; };
		C7AF1A9F1B42A468001E4763 /* 3_of_clubs.png */ = {isa = PBXFileReference; lastKnownFileType = image.png; path = 3_of_clubs.png; sourceTree = "<group>"; };
		C7AF1AA01B42A468001E4763 /* 3_of_diamonds.png */ = {isa = PBXFileReference; lastKnownFileType = image.png; path = 3_of_diamonds.png; sourceTree = "<group>"; };
		C7AF1AA11B42A468001E4763 /* 3_of_hearts.png */ = {isa = PBXFileReference; lastKnownFileType = image.png; path = 3_of_hearts.png; sourceTree = "<group>"; };
		C7AF1AA21B42A468001E4763 /* 3_of_spades.png */ = {isa = PBXFileReference; lastKnownFileType = image.png; path = 3_of_spades.png; sourceTree = "<group>"; };
		C7AF1AA31B42A468001E4763 /* 4_of_clubs.png */ = {isa = PBXFileReference; lastKnownFileType = image.png; path = 4_of_clubs.png; sourceTree = "<group>"; };
		C7AF1AA41B42A468001E4763 /* 4_of_diamonds.png */ = {isa = PBXFileReference; lastKnownFileType = image.png; path = 4_of_diamonds.png; sourceTree = "<group>"; };
		C7AF1AA51B42A468001E4763 /* 4_of_hearts.png */ = {isa = PBXFileReference; lastKnownFileType = image.png; path = 4_of_hearts.png; sourceTree = "<group>"; };
		C7AF1AA61B42A468001E4763 /* 4_of_spades.png */ = {isa = PBXFileReference; lastKnownFileType = image.png; path = 4_of_spades.png; sourceTree = "<group>"; };
		C7AF1AA71B42A468001E4763 /* 5_of_clubs.png */ = {isa = PBXFileReference; lastKnownFileType = image.png; path = 5_of_clubs.png; sourceTree = "<group>"; };
		C7AF1AA81B42A468001E4763 /* 5_of_diamonds.png */ = {isa = PBXFileReference; lastKnownFileType = image.png; path = 5_of_diamonds.png; sourceTree = "<group>"; };
		C7AF1AA91B42A468001E4763 /* 5_of_hearts.png */ = {isa = PBXFileReference; lastKnownFileType = image.png; path = 5_of_hearts.png; sourceTree = "<group>"; };
		C7AF1AAA1B42A468001E4763 /* 5_of_spades.png */ = {isa = PBXFileReference; lastKnownFileType = image.png; path = 5_of_spades.png; sourceTree = "<group>"; };
		C7AF1AAB1B42A468001E4763 /* 6_of_clubs.png */ = {isa = PBXFileReference; lastKnownFileType = image.png; path = 6_of_clubs.png; sourceTree = "<group>"; };
		C7AF1AAC1B42A468001E4763 /* 6_of_diamonds.png */ = {isa = PBXFileReference; lastKnownFileType = image.png; path = 6_of_diamonds.png; sourceTree = "<group>"; };
		C7AF1AAD1B42A468001E4763 /* 6_of_hearts.png */ = {isa = PBXFileReference; lastKnownFileType = image.png; path = 6_of_hearts.png; sourceTree = "<group>"; };
		C7AF1AAE1B42A468001E4763 /* 6_of_spades.png */ = {isa = PBXFileReference; lastKnownFileType = image.png; path = 6_of_spades.png; sourceTree = "<group>"; };
		C7AF1AAF1B42A468001E4763 /* 7_of_clubs.png */ = {isa = PBXFileReference; lastKnownFileType = image.png; path = 7_of_clubs.png; sourceTree = "<group>"; };
		C7AF1AB01B42A468001E4763 /* 7_of_diamonds.png */ = {isa = PBXFileReference; lastKnownFileType = image.png; path = 7_of_diamonds.png; sourceTree = "<group>"; };
		C7AF1AB11B42A468001E4763 /* 7_of_hearts.png */ = {isa = PBXFileReference; lastKnownFileType = image.png; path = 7_of_hearts.png; sourceTree = "<group>"; };
		C7AF1AB21B42A468001E4763 /* 7_of_spades.png */ = {isa = PBXFileReference; lastKnownFileType = image.png; path = 7_of_spades.png; sourceTree = "<group>"; };
		C7AF1AB31B42A468001E4763 /* 8_of_clubs.png */ = {isa = PBXFileReference; lastKnownFileType = image.png; path = 8_of_clubs.png; sourceTree = "<group>"; };
		C7AF1AB41B42A468001E4763 /* 8_of_diamonds.png */ = {isa = PBXFileReference; lastKnownFileType = image.png; path = 8_of_diamonds.png; sourceTree = "<group>"; };
		C7AF1AB51B42A468001E4763 /* 8_of_hearts.png */ = {isa = PBXFileReference; lastKnownFileType = image.png; path = 8_of_hearts.png; sourceTree = "<group>"; };
		C7AF1AB61B42A468001E4763 /* 8_of_spades.png */ = {isa = PBXFileReference; lastKnownFileType = image.png; path = 8_of_spades.png; sourceTree = "<group>"; };
		C7AF1AB71B42A468001E4763 /* 9_of_clubs.png */ = {isa = PBXFileReference; lastKnownFileType = image.png; path = 9_of_clubs.png; sourceTree = "<group>"; };
		C7AF1AB81B42A468001E4763 /* 9_of_diamonds.png */ = {isa = PBXFileReference; lastKnownFileType = image.png; path = 9_of_diamonds.png; sourceTree = "<group>"; };
		C7AF1AB91B42A468001E4763 /* 9_of_hearts.png */ = {isa = PBXFileReference; lastKnownFileType = image.png; path = 9_of_hearts.png; sourceTree = "<group>"; };
		C7AF1ABA1B42A468001E4763 /* 9_of_spades.png */ = {isa = PBXFileReference; lastKnownFileType = image.png; path = 9_of_spades.png; sourceTree = "<group>"; };
		C7AF1ABB1B42A468001E4763 /* 10_of_clubs.png */ = {isa = PBXFileReference; lastKnownFileType = image.png; path = 10_of_clubs.png; sourceTree = "<group>"; };
		C7AF1ABC1B42A468001E4763 /* 10_of_diamonds.png */ = {isa = PBXFileReference; lastKnownFileType = image.png; path = 10_of_diamonds.png; sourceTree = "<group>"; };
		C7AF1ABD1B42A468001E4763 /* 10_of_hearts.png */ = {isa = PBXFileReference; lastKnownFileType = image.png; path = 10_of_hearts.png; sourceTree = "<group>"; };
		C7AF1ABE1B42A468001E4763 /* 10_of_spades.png */ = {isa = PBXFileReference; lastKnownFileType = image.png; path = 10_of_spades.png; sourceTree = "<group>"; };
		C7AF1ABF1B42A468001E4763 /* ace_of_clubs.png */ = {isa = PBXFileReference; lastKnownFileType = image.png; path = ace_of_clubs.png; sourceTree = "<group>"; };
		C7AF1AC01B42A468001E4763 /* ace_of_diamonds.png */ = {isa = PBXFileReference; lastKnownFileType = image.png; path = ace_of_diamonds.png; sourceTree = "<group>"; };
		C7AF1AC11B42A468001E4763 /* ace_of_hearts.png */ = {isa = PBXFileReference; lastKnownFileType = image.png; path = ace_of_hearts.png; sourceTree = "<group>"; };
		C7AF1AC21B42A468001E4763 /* ace_of_spades.png */ = {isa = PBXFileReference; lastKnownFileType = image.png; path = ace_of_spades.png; sourceTree = "<group>"; };
		C7AF1AC31B42A468001E4763 /* back.png */ = {isa = PBXFileReference; lastKnownFileType = image.png; path = back.png; sourceTree = "<group>"; };
		C7AF1AC41B42A468001E4763 /* jack_of_clubs.png */ = {isa = PBXFileReference; lastKnownFileType = image.png; path = jack_of_clubs.png; sourceTree = "<group>"; };
		C7AF1AC51B42A468001E4763 /* jack_of_diamonds.png */ = {isa = PBXFileReference; lastKnownFileType = image.png; path = jack_of_diamonds.png; sourceTree = "<group>"; };
		C7AF1AC61B42A468001E4763 /* jack_of_hearts.png */ = {isa = PBXFileReference; lastKnownFileType = image.png; path = jack_of_hearts.png; sourceTree = "<group>"; };
		C7AF1AC71B42A468001E4763 /* jack_of_spades.png */ = {isa = PBXFileReference; lastKnownFileType = image.png; path = jack_of_spades.png; sourceTree = "<group>"; };
		C7AF1AC81B42A468001E4763 /* king_of_clubs.png */ = {isa = PBXFileReference; lastKnownFileType = image.png; path = king_of_clubs.png; sourceTree = "<group>"; };
		C7AF1AC91B42A468001E4763 /* king_of_diamonds.png */ = {isa = PBXFileReference; lastKnownFileType = image.png; path = king_of_diamonds.png; sourceTree = "<group>"; };
		C7AF1ACA1B42A468001E4763 /* king_of_hearts.png */ = {isa = PBXFileReference; lastKnownFileType = image.png; path = king_of_hearts.png; sourceTree = "<group>"; };
		C7AF1ACB1B42A468001E4763 /* king_of_spades.png */ = {isa = PBXFileReference; lastKnownFileType = image.png; path = king_of_spades.png; sourceTree = "<group>"; };
		C7AF1ACC1B42A468001E4763 /* queen_of_clubs.png */ = {isa = PBXFileReference; lastKnownFileType = image.png; path = queen_of_clubs.png; sourceTree = "<group>"; };
		C7AF1ACD1B42A468001E4763 /* queen_of_diamonds.png */ = {isa = PBXFileReference; lastKnownFileType = image.png; path = queen_of_diamonds.png; sourceTree = "<group>"; };
		C7AF1ACE1B42A468001E4763 /* queen_of_hearts.png */ = {isa = PBXFileReference; lastKnownFileType = image.png; path = queen_of_hearts.png; sourceTree = "<group>"; };
		C7AF1ACF1B42A468001E4763 /* queen_of_spades.png */ = {isa = PBXFileReference; lastKnownFileType = image.png; path = queen_of_spades.png; sourceTree = "<group>"; };
		C7BACD1D1B3EE4F700B9BF06 /* SwiftyPokerHands.app */ = {isa = PBXFileReference; explicitFileType = wrapper.application; includeInIndex = 0; path = SwiftyPokerHands.app; sourceTree = BUILT_PRODUCTS_DIR; };
		C7BACD211B3EE4F700B9BF06 /* Info.plist */ = {isa = PBXFileReference; lastKnownFileType = text.plist.xml; path = Info.plist; sourceTree = "<group>"; };
		C7BACD221B3EE4F700B9BF06 /* AppDelegate.swift */ = {isa = PBXFileReference; lastKnownFileType = sourcecode.swift; path = AppDelegate.swift; sourceTree = "<group>"; };
		C7BACD241B3EE4F700B9BF06 /* Images.xcassets */ = {isa = PBXFileReference; lastKnownFileType = folder.assetcatalog; path = Images.xcassets; sourceTree = "<group>"; };
		C7BACD271B3EE4F700B9BF06 /* Base */ = {isa = PBXFileReference; lastKnownFileType = file.xib; name = Base; path = Base.lproj/MainMenu.xib; sourceTree = "<group>"; };
		C7BACD2D1B3EE4F700B9BF06 /* SwiftyPokerHands.xctest */ = {isa = PBXFileReference; explicitFileType = wrapper.cfbundle; includeInIndex = 0; path = SwiftyPokerHands.xctest; sourceTree = BUILT_PRODUCTS_DIR; };
		C7BACD321B3EE4F700B9BF06 /* Info.plist */ = {isa = PBXFileReference; lastKnownFileType = text.plist.xml; path = Info.plist; sourceTree = "<group>"; };
		C7BACD331B3EE4F700B9BF06 /* SwiftyPokerHandsTests.swift */ = {isa = PBXFileReference; lastKnownFileType = sourcecode.swift; path = SwiftyPokerHandsTests.swift; sourceTree = "<group>"; };
		C7BACD3D1B3EE50C00B9BF06 /* SPHEvaluator.swift */ = {isa = PBXFileReference; fileEncoding = 4; lastKnownFileType = sourcecode.swift; path = SPHEvaluator.swift; sourceTree = "<group>"; };
		C7BACD3E1B3EE50C00B9BF06 /* SPHByteRanks.swift */ = {isa = PBXFileReference; fileEncoding = 4; lastKnownFileType = sourcecode.swift; path = SPHByteRanks.swift; sourceTree = "<group>"; };
		C7BACD411B3EE66400B9BF06 /* SPHExtensions.swift */ = {isa = PBXFileReference; fileEncoding = 4; lastKnownFileType = sourcecode.swift; path = SPHExtensions.swift; sourceTree = "<group>"; };
		C7BACD431B3EE69300B9BF06 /* SPHModelCard.swift */ = {isa = PBXFileReference; fileEncoding = 4; lastKnownFileType = sourcecode.swift; path = SPHModelCard.swift; sourceTree = "<group>"; };
		C7BACD451B3EE6C400B9BF06 /* SPHModelDeck.swift */ = {isa = PBXFileReference; fileEncoding = 4; lastKnownFileType = sourcecode.swift; path = SPHModelDeck.swift; sourceTree = "<group>"; };
		C7BACD471B3EE6DA00B9BF06 /* SPHModelPlayer.swift */ = {isa = PBXFileReference; fileEncoding = 4; lastKnownFileType = sourcecode.swift; path = SPHModelPlayer.swift; sourceTree = "<group>"; };
		C7BACD491B3EE6F200B9BF06 /* SPHModelTable.swift */ = {isa = PBXFileReference; fileEncoding = 4; lastKnownFileType = sourcecode.swift; path = SPHModelTable.swift; sourceTree = "<group>"; };
		C7BACD4B1B3EE70800B9BF06 /* SPHModelDealer.swift */ = {isa = PBXFileReference; fileEncoding = 4; lastKnownFileType = sourcecode.swift; path = SPHModelDealer.swift; sourceTree = "<group>"; };
		C7BACD4D1B3F45CE00B9BF06 /* DemoAppController.swift */ = {isa = PBXFileReference; fileEncoding = 4; lastKnownFileType = sourcecode.swift; path = DemoAppController.swift; sourceTree = "<group>"; };
		C7BACD511B3F473200B9BF06 /* DemoHandTableCellView.swift */ = {isa = PBXFileReference; fileEncoding = 4; lastKnownFileType = sourcecode.swift; path = DemoHandTableCellView.swift; sourceTree = "<group>"; };
		C7BD47531B51965D001B2144 /* DemoSettings.swift */ = {isa = PBXFileReference; fileEncoding = 4; lastKnownFileType = sourcecode.swift; path = DemoSettings.swift; sourceTree = "<group>"; };
		C7D823401B51461F00041742 /* DemoPlayersCardsPanel.swift */ = {isa = PBXFileReference; fileEncoding = 4; lastKnownFileType = sourcecode.swift; path = DemoPlayersCardsPanel.swift; sourceTree = "<group>"; };
/* End PBXFileReference section */

/* Begin PBXFrameworksBuildPhase section */
		C7BACD1A1B3EE4F700B9BF06 /* Frameworks */ = {
			isa = PBXFrameworksBuildPhase;
			buildActionMask = 2147483647;
			files = (
			);
			runOnlyForDeploymentPostprocessing = 0;
		};
		C7BACD2A1B3EE4F700B9BF06 /* Frameworks */ = {
			isa = PBXFrameworksBuildPhase;
			buildActionMask = 2147483647;
			files = (
			);
			runOnlyForDeploymentPostprocessing = 0;
		};
/* End PBXFrameworksBuildPhase section */

/* Begin PBXGroup section */
		C70F884B1B51E340007BE197 /* SPHByteRanks */ = {
			isa = PBXGroup;
			children = (
				C70F884C1B51E340007BE197 /* combinationToRank_bytes.json */,
				C70F884D1B51E340007BE197 /* flushes_bytes.json */,
				C70F884E1B51E340007BE197 /* primeProductToCombination_bytes.json */,
				C70F884F1B51E340007BE197 /* uniqueToRanks_bytes.json */,
			);
			name = SPHByteRanks;
			path = byteRanks;
			sourceTree = "<group>";
		};
		C763F5751B4066EF00475A7A /* cards_png */ = {
			isa = PBXGroup;
			children = (
				C7AF1A661B42A468001E4763 /* jack_of_spades_w.png */,
				C7AF1A671B42A468001E4763 /* king_of_clubs_w.png */,
				C7AF1A681B42A468001E4763 /* king_of_diamonds_w.png */,
				C7AF1A691B42A468001E4763 /* king_of_hearts_w.png */,
				C7AF1A6A1B42A468001E4763 /* king_of_spades_w.png */,
				C7AF1A6B1B42A468001E4763 /* queen_of_clubs_w.png */,
				C7AF1A6C1B42A468001E4763 /* queen_of_diamonds_w.png */,
				C7AF1A6D1B42A468001E4763 /* queen_of_hearts_w.png */,
				C7AF1A6E1B42A468001E4763 /* queen_of_spades_w.png */,
				C7AF1A6F1B42A468001E4763 /* 2_of_clubs_w.png */,
				C7AF1A701B42A468001E4763 /* 2_of_diamonds_w.png */,
				C7AF1A711B42A468001E4763 /* 2_of_hearts_w.png */,
				C7AF1A721B42A468001E4763 /* 2_of_spades_w.png */,
				C7AF1A731B42A468001E4763 /* 3_of_clubs_w.png */,
				C7AF1A741B42A468001E4763 /* 3_of_diamonds_w.png */,
				C7AF1A751B42A468001E4763 /* 3_of_hearts_w.png */,
				C7AF1A761B42A468001E4763 /* 3_of_spades_w.png */,
				C7AF1A771B42A468001E4763 /* 4_of_clubs_w.png */,
				C7AF1A781B42A468001E4763 /* 4_of_diamonds_w.png */,
				C7AF1A791B42A468001E4763 /* 4_of_hearts_w.png */,
				C7AF1A7A1B42A468001E4763 /* 4_of_spades_w.png */,
				C7AF1A7B1B42A468001E4763 /* 5_of_clubs_w.png */,
				C7AF1A7C1B42A468001E4763 /* 5_of_diamonds_w.png */,
				C7AF1A7D1B42A468001E4763 /* 5_of_hearts_w.png */,
				C7AF1A7E1B42A468001E4763 /* 5_of_spades_w.png */,
				C7AF1A7F1B42A468001E4763 /* 6_of_clubs_w.png */,
				C7AF1A801B42A468001E4763 /* 6_of_diamonds_w.png */,
				C7AF1A811B42A468001E4763 /* 6_of_hearts_w.png */,
				C7AF1A821B42A468001E4763 /* 6_of_spades_w.png */,
				C7AF1A831B42A468001E4763 /* 7_of_clubs_w.png */,
				C7AF1A841B42A468001E4763 /* 7_of_diamonds_w.png */,
				C7AF1A851B42A468001E4763 /* 7_of_hearts_w.png */,
				C7AF1A861B42A468001E4763 /* 7_of_spades_w.png */,
				C7AF1A871B42A468001E4763 /* 8_of_clubs_w.png */,
				C7AF1A881B42A468001E4763 /* 8_of_diamonds_w.png */,
				C7AF1A891B42A468001E4763 /* 8_of_hearts_w.png */,
				C7AF1A8A1B42A468001E4763 /* 8_of_spades_w.png */,
				C7AF1A8B1B42A468001E4763 /* 9_of_clubs_w.png */,
				C7AF1A8C1B42A468001E4763 /* 9_of_diamonds_w.png */,
				C7AF1A8D1B42A468001E4763 /* 9_of_hearts_w.png */,
				C7AF1A8E1B42A468001E4763 /* 9_of_spades_w.png */,
				C7AF1A8F1B42A468001E4763 /* 10_of_hearts_w.png */,
				C7AF1A901B42A468001E4763 /* 10_of_spades_w.png */,
				C7AF1A911B42A468001E4763 /* ace_of_clubs_w.png */,
				C7AF1A921B42A468001E4763 /* ace_of_diamonds_w.png */,
				C7AF1A931B42A468001E4763 /* ace_of_hearts_w.png */,
				C7AF1A941B42A468001E4763 /* ace_of_spades_w.png */,
				C7AF1A951B42A468001E4763 /* back_w.png */,
				C7AF1A961B42A468001E4763 /* jack_of_clubs_w.png */,
				C7AF1A971B42A468001E4763 /* jack_of_diamonds_w.png */,
				C7AF1A981B42A468001E4763 /* jack_of_hearts_w.png */,
				C7AF1A991B42A468001E4763 /* 10_of_clubs_w.png */,
				C7AF1A9A1B42A468001E4763 /* 10_of_diamonds_w.png */,
				C7AF1A9B1B42A468001E4763 /* 2_of_clubs.png */,
				C7AF1A9C1B42A468001E4763 /* 2_of_diamonds.png */,
				C7AF1A9D1B42A468001E4763 /* 2_of_hearts.png */,
				C7AF1A9E1B42A468001E4763 /* 2_of_spades.png */,
				C7AF1A9F1B42A468001E4763 /* 3_of_clubs.png */,
				C7AF1AA01B42A468001E4763 /* 3_of_diamonds.png */,
				C7AF1AA11B42A468001E4763 /* 3_of_hearts.png */,
				C7AF1AA21B42A468001E4763 /* 3_of_spades.png */,
				C7AF1AA31B42A468001E4763 /* 4_of_clubs.png */,
				C7AF1AA41B42A468001E4763 /* 4_of_diamonds.png */,
				C7AF1AA51B42A468001E4763 /* 4_of_hearts.png */,
				C7AF1AA61B42A468001E4763 /* 4_of_spades.png */,
				C7AF1AA71B42A468001E4763 /* 5_of_clubs.png */,
				C7AF1AA81B42A468001E4763 /* 5_of_diamonds.png */,
				C7AF1AA91B42A468001E4763 /* 5_of_hearts.png */,
				C7AF1AAA1B42A468001E4763 /* 5_of_spades.png */,
				C7AF1AAB1B42A468001E4763 /* 6_of_clubs.png */,
				C7AF1AAC1B42A468001E4763 /* 6_of_diamonds.png */,
				C7AF1AAD1B42A468001E4763 /* 6_of_hearts.png */,
				C7AF1AAE1B42A468001E4763 /* 6_of_spades.png */,
				C7AF1AAF1B42A468001E4763 /* 7_of_clubs.png */,
				C7AF1AB01B42A468001E4763 /* 7_of_diamonds.png */,
				C7AF1AB11B42A468001E4763 /* 7_of_hearts.png */,
				C7AF1AB21B42A468001E4763 /* 7_of_spades.png */,
				C7AF1AB31B42A468001E4763 /* 8_of_clubs.png */,
				C7AF1AB41B42A468001E4763 /* 8_of_diamonds.png */,
				C7AF1AB51B42A468001E4763 /* 8_of_hearts.png */,
				C7AF1AB61B42A468001E4763 /* 8_of_spades.png */,
				C7AF1AB71B42A468001E4763 /* 9_of_clubs.png */,
				C7AF1AB81B42A468001E4763 /* 9_of_diamonds.png */,
				C7AF1AB91B42A468001E4763 /* 9_of_hearts.png */,
				C7AF1ABA1B42A468001E4763 /* 9_of_spades.png */,
				C7AF1ABB1B42A468001E4763 /* 10_of_clubs.png */,
				C7AF1ABC1B42A468001E4763 /* 10_of_diamonds.png */,
				C7AF1ABD1B42A468001E4763 /* 10_of_hearts.png */,
				C7AF1ABE1B42A468001E4763 /* 10_of_spades.png */,
				C7AF1ABF1B42A468001E4763 /* ace_of_clubs.png */,
				C7AF1AC01B42A468001E4763 /* ace_of_diamonds.png */,
				C7AF1AC11B42A468001E4763 /* ace_of_hearts.png */,
				C7AF1AC21B42A468001E4763 /* ace_of_spades.png */,
				C7AF1AC31B42A468001E4763 /* back.png */,
				C7AF1AC41B42A468001E4763 /* jack_of_clubs.png */,
				C7AF1AC51B42A468001E4763 /* jack_of_diamonds.png */,
				C7AF1AC61B42A468001E4763 /* jack_of_hearts.png */,
				C7AF1AC71B42A468001E4763 /* jack_of_spades.png */,
				C7AF1AC81B42A468001E4763 /* king_of_clubs.png */,
				C7AF1AC91B42A468001E4763 /* king_of_diamonds.png */,
				C7AF1ACA1B42A468001E4763 /* king_of_hearts.png */,
				C7AF1ACB1B42A468001E4763 /* king_of_spades.png */,
				C7AF1ACC1B42A468001E4763 /* queen_of_clubs.png */,
				C7AF1ACD1B42A468001E4763 /* queen_of_diamonds.png */,
				C7AF1ACE1B42A468001E4763 /* queen_of_hearts.png */,
				C7AF1ACF1B42A468001E4763 /* queen_of_spades.png */,
			);
			path = cards_png;
			sourceTree = "<group>";
		};
		C7BACD141B3EE4F700B9BF06 = {
			isa = PBXGroup;
			children = (
				C7BACD1F1B3EE4F700B9BF06 /* SwiftyPokerHands */,
				C7BACD301B3EE4F700B9BF06 /* SwiftyPokerHandsTests */,
				C7BACD1E1B3EE4F700B9BF06 /* Products */,
			);
			sourceTree = "<group>";
		};
		C7BACD1E1B3EE4F700B9BF06 /* Products */ = {
			isa = PBXGroup;
			children = (
				C7BACD1D1B3EE4F700B9BF06 /* SwiftyPokerHands.app */,
				C7BACD2D1B3EE4F700B9BF06 /* SwiftyPokerHands.xctest */,
			);
			name = Products;
			sourceTree = "<group>";
		};
		C7BACD1F1B3EE4F700B9BF06 /* SwiftyPokerHands */ = {
			isa = PBXGroup;
			children = (
				C7BACD4D1B3F45CE00B9BF06 /* DemoAppController.swift */,
				C7BD47531B51965D001B2144 /* DemoSettings.swift */,
				C7D823401B51461F00041742 /* DemoPlayersCardsPanel.swift */,
				C7BACD511B3F473200B9BF06 /* DemoHandTableCellView.swift */,
				C7BACD221B3EE4F700B9BF06 /* AppDelegate.swift */,
				C70F884B1B51E340007BE197 /* SPHByteRanks */,
				C7BACD411B3EE66400B9BF06 /* SPHExtensions.swift */,
				C7BACD431B3EE69300B9BF06 /* SPHModelCard.swift */,
				C7BACD451B3EE6C400B9BF06 /* SPHModelDeck.swift */,
				C7BACD471B3EE6DA00B9BF06 /* SPHModelPlayer.swift */,
				C7BACD491B3EE6F200B9BF06 /* SPHModelTable.swift */,
				C7BACD4B1B3EE70800B9BF06 /* SPHModelDealer.swift */,
				C7BACD3D1B3EE50C00B9BF06 /* SPHEvaluator.swift */,
				C7BACD3E1B3EE50C00B9BF06 /* SPHByteRanks.swift */,
				C7BACD241B3EE4F700B9BF06 /* Images.xcassets */,
				C7BACD261B3EE4F700B9BF06 /* MainMenu.xib */,
				C763F5751B4066EF00475A7A /* cards_png */,
				C7BACD201B3EE4F700B9BF06 /* Supporting Files */,
			);
			path = SwiftyPokerHands;
			sourceTree = "<group>";
		};
		C7BACD201B3EE4F700B9BF06 /* Supporting Files */ = {
			isa = PBXGroup;
			children = (
				C7BACD211B3EE4F700B9BF06 /* Info.plist */,
			);
			name = "Supporting Files";
			sourceTree = "<group>";
		};
		C7BACD301B3EE4F700B9BF06 /* SwiftyPokerHandsTests */ = {
			isa = PBXGroup;
			children = (
				C7BACD331B3EE4F700B9BF06 /* SwiftyPokerHandsTests.swift */,
				C7BACD311B3EE4F700B9BF06 /* Supporting Files */,
			);
			path = SwiftyPokerHandsTests;
			sourceTree = "<group>";
		};
		C7BACD311B3EE4F700B9BF06 /* Supporting Files */ = {
			isa = PBXGroup;
			children = (
				C7BACD321B3EE4F700B9BF06 /* Info.plist */,
			);
			name = "Supporting Files";
			sourceTree = "<group>";
		};
/* End PBXGroup section */

/* Begin PBXNativeTarget section */
		C7BACD1C1B3EE4F700B9BF06 /* SwiftyPokerHands */ = {
			isa = PBXNativeTarget;
			buildConfigurationList = C7BACD371B3EE4F700B9BF06 /* Build configuration list for PBXNativeTarget "SwiftyPokerHands" */;
			buildPhases = (
				C7BACD191B3EE4F700B9BF06 /* Sources */,
				C7BACD1A1B3EE4F700B9BF06 /* Frameworks */,
				C7BACD1B1B3EE4F700B9BF06 /* Resources */,
			);
			buildRules = (
			);
			dependencies = (
			);
			name = SwiftyPokerHands;
			productName = SwiftyPokerHands;
			productReference = C7BACD1D1B3EE4F700B9BF06 /* SwiftyPokerHands.app */;
			productType = "com.apple.product-type.application";
		};
		C7BACD2C1B3EE4F700B9BF06 /* SwiftyPokerHandsTests */ = {
			isa = PBXNativeTarget;
			buildConfigurationList = C7BACD3A1B3EE4F700B9BF06 /* Build configuration list for PBXNativeTarget "SwiftyPokerHandsTests" */;
			buildPhases = (
				C7BACD291B3EE4F700B9BF06 /* Sources */,
				C7BACD2A1B3EE4F700B9BF06 /* Frameworks */,
				C7BACD2B1B3EE4F700B9BF06 /* Resources */,
			);
			buildRules = (
			);
			dependencies = (
				C7BACD2F1B3EE4F700B9BF06 /* PBXTargetDependency */,
			);
			name = SwiftyPokerHandsTests;
			productName = SwiftyPokerHandsTests;
			productReference = C7BACD2D1B3EE4F700B9BF06 /* SwiftyPokerHands.xctest */;
			productType = "com.apple.product-type.bundle.unit-test";
		};
/* End PBXNativeTarget section */

/* Begin PBXProject section */
		C7BACD151B3EE4F700B9BF06 /* Project object */ = {
			isa = PBXProject;
			attributes = {
				LastSwiftUpdateCheck = 0700;
				LastUpgradeCheck = 0700;
				ORGANIZATIONNAME = "Eric Dejonckheere";
				TargetAttributes = {
					C7BACD1C1B3EE4F700B9BF06 = {
						CreatedOnToolsVersion = 6.3.2;
					};
					C7BACD2C1B3EE4F700B9BF06 = {
						CreatedOnToolsVersion = 6.3.2;
						TestTargetID = C7BACD1C1B3EE4F700B9BF06;
					};
				};
			};
			buildConfigurationList = C7BACD181B3EE4F700B9BF06 /* Build configuration list for PBXProject "SwiftyPokerHands" */;
			compatibilityVersion = "Xcode 3.2";
			developmentRegion = English;
			hasScannedForEncodings = 0;
			knownRegions = (
				en,
				Base,
			);
			mainGroup = C7BACD141B3EE4F700B9BF06;
			productRefGroup = C7BACD1E1B3EE4F700B9BF06 /* Products */;
			projectDirPath = "";
			projectRoot = "";
			targets = (
				C7BACD1C1B3EE4F700B9BF06 /* SwiftyPokerHands */,
				C7BACD2C1B3EE4F700B9BF06 /* SwiftyPokerHandsTests */,
			);
		};
/* End PBXProject section */

/* Begin PBXResourcesBuildPhase section */
		C7BACD1B1B3EE4F700B9BF06 /* Resources */ = {
			isa = PBXResourcesBuildPhase;
			buildActionMask = 2147483647;
			files = (
				C7AF1AD01B42A468001E4763 /* jack_of_spades_w.png in Resources */,
				C7AF1B1C1B42A468001E4763 /* 7_of_spades.png in Resources */,
				C7AF1B2E1B42A468001E4763 /* jack_of_clubs.png in Resources */,
				C7AF1AE11B42A468001E4763 /* 4_of_clubs_w.png in Resources */,
				C7AF1B011B42A468001E4763 /* jack_of_diamonds_w.png in Resources */,
				C7AF1B281B42A468001E4763 /* 10_of_spades.png in Resources */,
				C7AF1AF51B42A468001E4763 /* 9_of_clubs_w.png in Resources */,
				C7AF1B221B42A468001E4763 /* 9_of_diamonds.png in Resources */,
				C7AF1B191B42A468001E4763 /* 7_of_clubs.png in Resources */,
				C7AF1B211B42A468001E4763 /* 9_of_clubs.png in Resources */,
				C7AF1B321B42A468001E4763 /* king_of_clubs.png in Resources */,
				C70F88531B51E340007BE197 /* uniqueToRanks_bytes.json in Resources */,
				C7AF1B141B42A468001E4763 /* 5_of_spades.png in Resources */,
				C7AF1AD61B42A468001E4763 /* queen_of_diamonds_w.png in Resources */,
				C7AF1AFF1B42A468001E4763 /* back_w.png in Resources */,
				C70F88521B51E340007BE197 /* primeProductToCombination_bytes.json in Resources */,
				C7AF1B181B42A468001E4763 /* 6_of_spades.png in Resources */,
				C7AF1B1F1B42A468001E4763 /* 8_of_hearts.png in Resources */,
				C7AF1B1A1B42A468001E4763 /* 7_of_diamonds.png in Resources */,
				C7AF1B121B42A468001E4763 /* 5_of_diamonds.png in Resources */,
				C7AF1B061B42A468001E4763 /* 2_of_diamonds.png in Resources */,
				C7AF1AE61B42A468001E4763 /* 5_of_diamonds_w.png in Resources */,
				C7AF1AD41B42A468001E4763 /* king_of_spades_w.png in Resources */,
				C7AF1B351B42A468001E4763 /* king_of_spades.png in Resources */,
				C7AF1B001B42A468001E4763 /* jack_of_clubs_w.png in Resources */,
				C7AF1B391B42A468001E4763 /* queen_of_spades.png in Resources */,
				C7AF1AF91B42A468001E4763 /* 10_of_hearts_w.png in Resources */,
				C7AF1B271B42A468001E4763 /* 10_of_hearts.png in Resources */,
				C7AF1AE31B42A468001E4763 /* 4_of_hearts_w.png in Resources */,
				C7AF1AFA1B42A468001E4763 /* 10_of_spades_w.png in Resources */,
				C7AF1AD11B42A468001E4763 /* king_of_clubs_w.png in Resources */,
				C7AF1B371B42A468001E4763 /* queen_of_diamonds.png in Resources */,
				C7AF1B341B42A468001E4763 /* king_of_hearts.png in Resources */,
				C7AF1B171B42A468001E4763 /* 6_of_hearts.png in Resources */,
				C7AF1AE51B42A468001E4763 /* 5_of_clubs_w.png in Resources */,
				C7AF1B261B42A468001E4763 /* 10_of_diamonds.png in Resources */,
				C7AF1ADB1B42A468001E4763 /* 2_of_hearts_w.png in Resources */,
				C7AF1B021B42A468001E4763 /* jack_of_hearts_w.png in Resources */,
				C7AF1AEF1B42A468001E4763 /* 7_of_hearts_w.png in Resources */,
				C7AF1B041B42A468001E4763 /* 10_of_diamonds_w.png in Resources */,
				C7AF1AE81B42A468001E4763 /* 5_of_spades_w.png in Resources */,
				C7AF1B301B42A468001E4763 /* jack_of_hearts.png in Resources */,
				C7AF1AD21B42A468001E4763 /* king_of_diamonds_w.png in Resources */,
				C7AF1B0E1B42A468001E4763 /* 4_of_diamonds.png in Resources */,
				C7AF1B1D1B42A468001E4763 /* 8_of_clubs.png in Resources */,
				C7AF1B2D1B42A468001E4763 /* back.png in Resources */,
				C7AF1B361B42A468001E4763 /* queen_of_clubs.png in Resources */,
				C7AF1B241B42A468001E4763 /* 9_of_spades.png in Resources */,
				C7AF1AF81B42A468001E4763 /* 9_of_spades_w.png in Resources */,
				C7AF1B231B42A468001E4763 /* 9_of_hearts.png in Resources */,
				C7AF1AF11B42A468001E4763 /* 8_of_clubs_w.png in Resources */,
				C70F88511B51E340007BE197 /* flushes_bytes.json in Resources */,
				C7AF1B081B42A468001E4763 /* 2_of_spades.png in Resources */,
				C7AF1AFE1B42A468001E4763 /* ace_of_spades_w.png in Resources */,
				C7AF1AE21B42A468001E4763 /* 4_of_diamonds_w.png in Resources */,
				C7AF1AE41B42A468001E4763 /* 4_of_spades_w.png in Resources */,
				C7AF1AE71B42A468001E4763 /* 5_of_hearts_w.png in Resources */,
				C7AF1B131B42A468001E4763 /* 5_of_hearts.png in Resources */,
				C7AF1B1B1B42A468001E4763 /* 7_of_hearts.png in Resources */,
				C7AF1B101B42A468001E4763 /* 4_of_spades.png in Resources */,
				C7AF1ADE1B42A468001E4763 /* 3_of_diamonds_w.png in Resources */,
				C7AF1AF21B42A468001E4763 /* 8_of_diamonds_w.png in Resources */,
				C7AF1B0A1B42A468001E4763 /* 3_of_diamonds.png in Resources */,
				C7AF1AED1B42A468001E4763 /* 7_of_clubs_w.png in Resources */,
				C7AF1B091B42A468001E4763 /* 3_of_clubs.png in Resources */,
				C7AF1AEE1B42A468001E4763 /* 7_of_diamonds_w.png in Resources */,
				C7AF1B161B42A468001E4763 /* 6_of_diamonds.png in Resources */,
				C7AF1B051B42A468001E4763 /* 2_of_clubs.png in Resources */,
				C7AF1AD81B42A468001E4763 /* queen_of_spades_w.png in Resources */,
				C7AF1B2F1B42A468001E4763 /* jack_of_diamonds.png in Resources */,
				C7AF1B251B42A468001E4763 /* 10_of_clubs.png in Resources */,
				C7AF1B071B42A468001E4763 /* 2_of_hearts.png in Resources */,
				C7AF1B151B42A468001E4763 /* 6_of_clubs.png in Resources */,
				C7AF1B0C1B42A468001E4763 /* 3_of_spades.png in Resources */,
				C7AF1AFB1B42A468001E4763 /* ace_of_clubs_w.png in Resources */,
				C7AF1B331B42A468001E4763 /* king_of_diamonds.png in Resources */,
				C7AF1AD91B42A468001E4763 /* 2_of_clubs_w.png in Resources */,
				C7AF1AEA1B42A468001E4763 /* 6_of_diamonds_w.png in Resources */,
				C7BACD251B3EE4F700B9BF06 /* Images.xcassets in Resources */,
				C7AF1B031B42A468001E4763 /* 10_of_clubs_w.png in Resources */,
				C7AF1B2B1B42A468001E4763 /* ace_of_hearts.png in Resources */,
				C7AF1AF61B42A468001E4763 /* 9_of_diamonds_w.png in Resources */,
				C7AF1AD31B42A468001E4763 /* king_of_hearts_w.png in Resources */,
				C7AF1ADD1B42A468001E4763 /* 3_of_clubs_w.png in Resources */,
				C7AF1AEC1B42A468001E4763 /* 6_of_spades_w.png in Resources */,
				C7AF1AFD1B42A468001E4763 /* ace_of_hearts_w.png in Resources */,
				C7AF1AF71B42A468001E4763 /* 9_of_hearts_w.png in Resources */,
				C7AF1AFC1B42A468001E4763 /* ace_of_diamonds_w.png in Resources */,
				C7AF1ADC1B42A468001E4763 /* 2_of_spades_w.png in Resources */,
				C7AF1B0F1B42A468001E4763 /* 4_of_hearts.png in Resources */,
				C7AF1AE01B42A468001E4763 /* 3_of_spades_w.png in Resources */,
				C7BACD281B3EE4F700B9BF06 /* MainMenu.xib in Resources */,
				C7AF1AF41B42A468001E4763 /* 8_of_spades_w.png in Resources */,
				C7AF1B1E1B42A468001E4763 /* 8_of_diamonds.png in Resources */,
				C7AF1B201B42A468001E4763 /* 8_of_spades.png in Resources */,
				C7AF1B0B1B42A468001E4763 /* 3_of_hearts.png in Resources */,
				C7AF1AD71B42A468001E4763 /* queen_of_hearts_w.png in Resources */,
				C7AF1B311B42A468001E4763 /* jack_of_spades.png in Resources */,
				C7AF1AF01B42A468001E4763 /* 7_of_spades_w.png in Resources */,
				C7AF1B381B42A468001E4763 /* queen_of_hearts.png in Resources */,
				C7AF1ADF1B42A468001E4763 /* 3_of_hearts_w.png in Resources */,
				C7AF1AE91B42A468001E4763 /* 6_of_clubs_w.png in Resources */,
				C7AF1AF31B42A468001E4763 /* 8_of_hearts_w.png in Resources */,
				C70F88501B51E340007BE197 /* combinationToRank_bytes.json in Resources */,
				C7AF1B291B42A468001E4763 /* ace_of_clubs.png in Resources */,
				C7AF1ADA1B42A468001E4763 /* 2_of_diamonds_w.png in Resources */,
				C7AF1B111B42A468001E4763 /* 5_of_clubs.png in Resources */,
				C7AF1B2C1B42A468001E4763 /* ace_of_spades.png in Resources */,
				C7AF1AEB1B42A468001E4763 /* 6_of_hearts_w.png in Resources */,
				C7AF1B2A1B42A468001E4763 /* ace_of_diamonds.png in Resources */,
				C7AF1B0D1B42A468001E4763 /* 4_of_clubs.png in Resources */,
				C7AF1AD51B42A468001E4763 /* queen_of_clubs_w.png in Resources */,
			);
			runOnlyForDeploymentPostprocessing = 0;
		};
		C7BACD2B1B3EE4F700B9BF06 /* Resources */ = {
			isa = PBXResourcesBuildPhase;
			buildActionMask = 2147483647;
			files = (
			);
			runOnlyForDeploymentPostprocessing = 0;
		};
/* End PBXResourcesBuildPhase section */

/* Begin PBXSourcesBuildPhase section */
		C7BACD191B3EE4F700B9BF06 /* Sources */ = {
			isa = PBXSourcesBuildPhase;
			buildActionMask = 2147483647;
			files = (
				C7BACD461B3EE6C400B9BF06 /* SPHModelDeck.swift in Sources */,
				C7BD47541B51965D001B2144 /* DemoSettings.swift in Sources */,
				C7BACD4E1B3F45CE00B9BF06 /* DemoAppController.swift in Sources */,
				C7BACD421B3EE66400B9BF06 /* SPHExtensions.swift in Sources */,
				C7BACD481B3EE6DA00B9BF06 /* SPHModelPlayer.swift in Sources */,
				C7BACD231B3EE4F700B9BF06 /* AppDelegate.swift in Sources */,
				C7BACD4A1B3EE6F200B9BF06 /* SPHModelTable.swift in Sources */,
				C7BACD441B3EE69300B9BF06 /* SPHModelCard.swift in Sources */,
				C7BACD3F1B3EE50C00B9BF06 /* SPHEvaluator.swift in Sources */,
				C7BACD4C1B3EE70800B9BF06 /* SPHModelDealer.swift in Sources */,
				C7BACD401B3EE50C00B9BF06 /* SPHByteRanks.swift in Sources */,
				C7D823411B51461F00041742 /* DemoPlayersCardsPanel.swift in Sources */,
				C7BACD521B3F473200B9BF06 /* DemoHandTableCellView.swift in Sources */,
			);
			runOnlyForDeploymentPostprocessing = 0;
		};
		C7BACD291B3EE4F700B9BF06 /* Sources */ = {
			isa = PBXSourcesBuildPhase;
			buildActionMask = 2147483647;
			files = (
				C7BD475A1B51D279001B2144 /* SPHModelTable.swift in Sources */,
				C7BD47581B51D273001B2144 /* SPHExtensions.swift in Sources */,
				C7BD475D1B51D284001B2144 /* SPHByteRanks.swift in Sources */,
				C7BD47571B51D270001B2144 /* SPHModelDeck.swift in Sources */,
				C7BACD341B3EE4F700B9BF06 /* SwiftyPokerHandsTests.swift in Sources */,
				C7BD47561B51D26D001B2144 /* SPHModelCard.swift in Sources */,
				C7BD475C1B51D281001B2144 /* SPHEvaluator.swift in Sources */,
				C7BD475B1B51D27C001B2144 /* SPHModelDealer.swift in Sources */,
				C7BD47591B51D276001B2144 /* SPHModelPlayer.swift in Sources */,
			);
			runOnlyForDeploymentPostprocessing = 0;
		};
/* End PBXSourcesBuildPhase section */

/* Begin PBXTargetDependency section */
		C7BACD2F1B3EE4F700B9BF06 /* PBXTargetDependency */ = {
			isa = PBXTargetDependency;
			target = C7BACD1C1B3EE4F700B9BF06 /* SwiftyPokerHands */;
			targetProxy = C7BACD2E1B3EE4F700B9BF06 /* PBXContainerItemProxy */;
		};
/* End PBXTargetDependency section */

/* Begin PBXVariantGroup section */
		C7BACD261B3EE4F700B9BF06 /* MainMenu.xib */ = {
			isa = PBXVariantGroup;
			children = (
				C7BACD271B3EE4F700B9BF06 /* Base */,
			);
			name = MainMenu.xib;
			sourceTree = "<group>";
		};
/* End PBXVariantGroup section */

/* Begin XCBuildConfiguration section */
		C7BACD351B3EE4F700B9BF06 /* Debug */ = {
			isa = XCBuildConfiguration;
			buildSettings = {
				ALWAYS_SEARCH_USER_PATHS = NO;
				CLANG_CXX_LANGUAGE_STANDARD = "gnu++0x";
				CLANG_CXX_LIBRARY = "libc++";
				CLANG_ENABLE_MODULES = YES;
				CLANG_ENABLE_OBJC_ARC = YES;
				CLANG_WARN_BOOL_CONVERSION = YES;
				CLANG_WARN_CONSTANT_CONVERSION = YES;
				CLANG_WARN_DIRECT_OBJC_ISA_USAGE = YES_ERROR;
				CLANG_WARN_EMPTY_BODY = YES;
				CLANG_WARN_ENUM_CONVERSION = YES;
				CLANG_WARN_INT_CONVERSION = YES;
				CLANG_WARN_OBJC_ROOT_CLASS = YES_ERROR;
				CLANG_WARN_UNREACHABLE_CODE = YES;
				CLANG_WARN__DUPLICATE_METHOD_MATCH = YES;
				CODE_SIGN_IDENTITY = "-";
				COPY_PHASE_STRIP = NO;
				DEBUG_INFORMATION_FORMAT = dwarf;
				ENABLE_STRICT_OBJC_MSGSEND = YES;
				ENABLE_TESTABILITY = YES;
				GCC_C_LANGUAGE_STANDARD = gnu99;
				GCC_DYNAMIC_NO_PIC = NO;
				GCC_NO_COMMON_BLOCKS = YES;
				GCC_OPTIMIZATION_LEVEL = 0;
				GCC_PREPROCESSOR_DEFINITIONS = (
					"DEBUG=1",
					"$(inherited)",
				);
				GCC_SYMBOLS_PRIVATE_EXTERN = NO;
				GCC_WARN_64_TO_32_BIT_CONVERSION = YES;
				GCC_WARN_ABOUT_RETURN_TYPE = YES_ERROR;
				GCC_WARN_UNDECLARED_SELECTOR = YES;
				GCC_WARN_UNINITIALIZED_AUTOS = YES_AGGRESSIVE;
				GCC_WARN_UNUSED_FUNCTION = YES;
				GCC_WARN_UNUSED_VARIABLE = YES;
				MACOSX_DEPLOYMENT_TARGET = 10.9;
				MTL_ENABLE_DEBUG_INFO = YES;
				ONLY_ACTIVE_ARCH = YES;
				SDKROOT = macosx;
				SWIFT_OPTIMIZATION_LEVEL = "-Onone";
			};
			name = Debug;
		};
		C7BACD361B3EE4F700B9BF06 /* Release */ = {
			isa = XCBuildConfiguration;
			buildSettings = {
				ALWAYS_SEARCH_USER_PATHS = NO;
				CLANG_CXX_LANGUAGE_STANDARD = "gnu++0x";
				CLANG_CXX_LIBRARY = "libc++";
				CLANG_ENABLE_MODULES = YES;
				CLANG_ENABLE_OBJC_ARC = YES;
				CLANG_WARN_BOOL_CONVERSION = YES;
				CLANG_WARN_CONSTANT_CONVERSION = YES;
				CLANG_WARN_DIRECT_OBJC_ISA_USAGE = YES_ERROR;
				CLANG_WARN_EMPTY_BODY = YES;
				CLANG_WARN_ENUM_CONVERSION = YES;
				CLANG_WARN_INT_CONVERSION = YES;
				CLANG_WARN_OBJC_ROOT_CLASS = YES_ERROR;
				CLANG_WARN_UNREACHABLE_CODE = YES;
				CLANG_WARN__DUPLICATE_METHOD_MATCH = YES;
				CODE_SIGN_IDENTITY = "-";
				COPY_PHASE_STRIP = NO;
				DEBUG_INFORMATION_FORMAT = "dwarf-with-dsym";
				ENABLE_NS_ASSERTIONS = NO;
				ENABLE_STRICT_OBJC_MSGSEND = YES;
				GCC_C_LANGUAGE_STANDARD = gnu99;
				GCC_NO_COMMON_BLOCKS = YES;
				GCC_WARN_64_TO_32_BIT_CONVERSION = YES;
				GCC_WARN_ABOUT_RETURN_TYPE = YES_ERROR;
				GCC_WARN_UNDECLARED_SELECTOR = YES;
				GCC_WARN_UNINITIALIZED_AUTOS = YES_AGGRESSIVE;
				GCC_WARN_UNUSED_FUNCTION = YES;
				GCC_WARN_UNUSED_VARIABLE = YES;
				MACOSX_DEPLOYMENT_TARGET = 10.9;
				MTL_ENABLE_DEBUG_INFO = NO;
				SDKROOT = macosx;
			};
			name = Release;
		};
		C7BACD381B3EE4F700B9BF06 /* Debug */ = {
			isa = XCBuildConfiguration;
			buildSettings = {
				ASSETCATALOG_COMPILER_APPICON_NAME = AppIcon;
				COMBINE_HIDPI_IMAGES = YES;
				INFOPLIST_FILE = SwiftyPokerHands/Info.plist;
				LD_RUNPATH_SEARCH_PATHS = "$(inherited) @executable_path/../Frameworks";
				PRODUCT_BUNDLE_IDENTIFIER = "com.ericdke.$(PRODUCT_NAME:rfc1034identifier)";
				PRODUCT_NAME = SwiftyPokerHands;
			};
			name = Debug;
		};
		C7BACD391B3EE4F700B9BF06 /* Release */ = {
			isa = XCBuildConfiguration;
			buildSettings = {
				ASSETCATALOG_COMPILER_APPICON_NAME = AppIcon;
				COMBINE_HIDPI_IMAGES = YES;
				INFOPLIST_FILE = SwiftyPokerHands/Info.plist;
				LD_RUNPATH_SEARCH_PATHS = "$(inherited) @executable_path/../Frameworks";
				PRODUCT_BUNDLE_IDENTIFIER = "com.ericdke.$(PRODUCT_NAME:rfc1034identifier)";
				PRODUCT_NAME = SwiftyPokerHands;
			};
			name = Release;
		};
		C7BACD3B1B3EE4F700B9BF06 /* Debug */ = {
			isa = XCBuildConfiguration;
			buildSettings = {
				BUNDLE_LOADER = "$(TEST_HOST)";
				COMBINE_HIDPI_IMAGES = YES;
				FRAMEWORK_SEARCH_PATHS = (
					"$(DEVELOPER_FRAMEWORKS_DIR)",
					"$(inherited)",
				);
				GCC_PREPROCESSOR_DEFINITIONS = (
					"DEBUG=1",
					"$(inherited)",
				);
				INFOPLIST_FILE = SwiftyPokerHandsTests/Info.plist;
				LD_RUNPATH_SEARCH_PATHS = "$(inherited) @executable_path/../Frameworks @loader_path/../Frameworks";
				PRODUCT_BUNDLE_IDENTIFIER = "com.ericdke.$(PRODUCT_NAME:rfc1034identifier)";
				PRODUCT_NAME = SwiftyPokerHands;
				TEST_HOST = "$(BUILT_PRODUCTS_DIR)/SwiftyPokerHands.app/Contents/MacOS/SwiftyPokerHands";
			};
			name = Debug;
		};
		C7BACD3C1B3EE4F700B9BF06 /* Release */ = {
			isa = XCBuildConfiguration;
			buildSettings = {
				BUNDLE_LOADER = "$(TEST_HOST)";
				COMBINE_HIDPI_IMAGES = YES;
				FRAMEWORK_SEARCH_PATHS = (
					"$(DEVELOPER_FRAMEWORKS_DIR)",
					"$(inherited)",
				);
				INFOPLIST_FILE = SwiftyPokerHandsTests/Info.plist;
				LD_RUNPATH_SEARCH_PATHS = "$(inherited) @executable_path/../Frameworks @loader_path/../Frameworks";
				PRODUCT_BUNDLE_IDENTIFIER = "com.ericdke.$(PRODUCT_NAME:rfc1034identifier)";
				PRODUCT_NAME = SwiftyPokerHands;
				TEST_HOST = "$(BUILT_PRODUCTS_DIR)/SwiftyPokerHands.app/Contents/MacOS/SwiftyPokerHands";
			};
			name = Release;
		};
/* End XCBuildConfiguration section */

/* Begin XCConfigurationList section */
		C7BACD181B3EE4F700B9BF06 /* Build configuration list for PBXProject "SwiftyPokerHands" */ = {
			isa = XCConfigurationList;
			buildConfigurations = (
				C7BACD351B3EE4F700B9BF06 /* Debug */,
				C7BACD361B3EE4F700B9BF06 /* Release */,
			);
			defaultConfigurationIsVisible = 0;
			defaultConfigurationName = Release;
		};
		C7BACD371B3EE4F700B9BF06 /* Build configuration list for PBXNativeTarget "SwiftyPokerHands" */ = {
			isa = XCConfigurationList;
			buildConfigurations = (
				C7BACD381B3EE4F700B9BF06 /* Debug */,
				C7BACD391B3EE4F700B9BF06 /* Release */,
			);
			defaultConfigurationIsVisible = 0;
			defaultConfigurationName = Release;
		};
		C7BACD3A1B3EE4F700B9BF06 /* Build configuration list for PBXNativeTarget "SwiftyPokerHandsTests" */ = {
			isa = XCConfigurationList;
			buildConfigurations = (
				C7BACD3B1B3EE4F700B9BF06 /* Debug */,
				C7BACD3C1B3EE4F700B9BF06 /* Release */,
			);
			defaultConfigurationIsVisible = 0;
			defaultConfigurationName = Release;
		};
/* End XCConfigurationList section */
	};
	rootObject = C7BACD151B3EE4F700B9BF06 /* Project object */;
}
